{
    "name": "@glideapps/glide-data-grid-cells",
    "version": "3.0.3",
    "lockfileVersion": 1,
    "requires": true,
    "dependencies": {
        "@glideapps/glide-data-grid": {
            "version": "3.0.2",
            "resolved": "https://registry.npmjs.org/@glideapps/glide-data-grid/-/glide-data-grid-3.0.2.tgz",
            "integrity": "sha512-QKsaiJbac0mKfck76d8S1vtojcEZB51ccbYcL7nbdZf1lDV20FijY9gct61xoypj6Ln3jIitvJgRoMHwSafDaA==",
            "requires": {
                "copy-to-clipboard": "^3.1.0",
                "react-number-format": "^4.4.1",
                "react-virtualized-auto-sizer": "^1.0.2"
            }
        },
        "copy-to-clipboard": {
            "version": "3.3.1",
            "resolved": "https://registry.npmjs.org/copy-to-clipboard/-/copy-to-clipboard-3.3.1.tgz",
            "integrity": "sha512-i13qo6kIHTTpCm8/Wup+0b1mVWETvu2kIMzKoK8FpkLkFxlt0znUAHcMzox+T8sPlqtZXq3CulEjQHsYiGFJUw==",
            "requires": {
                "toggle-selection": "^1.0.6"
            }
        },
        "js-tokens": {
            "version": "4.0.0",
            "resolved": "https://registry.npmjs.org/js-tokens/-/js-tokens-4.0.0.tgz",
            "integrity": "sha512-RdJUflcE3cUzKiMqQgsCu06FPu9UdIJO0beYbPhHN4k6apgJtifcoCtT9bcxOpYBtpD2kCM6Sbzg4CausW/PKQ=="
        },
        "loose-envify": {
            "version": "1.4.0",
            "resolved": "https://registry.npmjs.org/loose-envify/-/loose-envify-1.4.0.tgz",
            "integrity": "sha512-lyuxPGr/Wfhrlem2CL/UcnUc1zcqKAImBDzukY7Y5F/yQiNdko6+fRLevlw1HgMySw7f611UIY408EtxRSoK3Q==",
            "requires": {
                "js-tokens": "^3.0.0 || ^4.0.0"
            }
        },
        "object-assign": {
            "version": "4.1.1",
            "resolved": "https://registry.npmjs.org/object-assign/-/object-assign-4.1.1.tgz",
            "integrity": "sha1-IQmtx5ZYh8/AXLvUQsrIv7s2CGM="
        },
        "prop-types": {
            "version": "15.7.2",
            "resolved": "https://registry.npmjs.org/prop-types/-/prop-types-15.7.2.tgz",
            "integrity": "sha512-8QQikdH7//R2vurIJSutZ1smHYTcLpRWEOlHnzcWHmBYrOGUysKwSsrC89BCiFj3CbrfJ/nXFdJepOVrY1GCHQ==",
            "requires": {
                "loose-envify": "^1.4.0",
                "object-assign": "^4.1.1",
                "react-is": "^16.8.1"
            }
        },
        "react-is": {
            "version": "16.13.1",
            "resolved": "https://registry.npmjs.org/react-is/-/react-is-16.13.1.tgz",
            "integrity": "sha512-24e6ynE2H+OKt4kqsOvNd8kBpV65zoxbA4BVsEOB3ARVWQki/DHzaUoC5KuON/BiccDaCCTZBuOcfZs70kR8bQ=="
        },
        "react-number-format": {
            "version": "4.7.3",
            "resolved": "https://registry.npmjs.org/react-number-format/-/react-number-format-4.7.3.tgz",
            "integrity": "sha512-4EvcANjstypQ5anhanmdEioGc49qbnErfS+yqbhatC0vzQ1okplkWNb0DIY7ABu4RhaxzttEz6pypEy8KsqgBQ==",
            "requires": {
                "prop-types": "^15.7.2"
            }
        },
        "react-virtualized-auto-sizer": {
            "version": "1.0.6",
            "resolved": "https://registry.npmjs.org/react-virtualized-auto-sizer/-/react-virtualized-auto-sizer-1.0.6.tgz",
            "integrity": "sha512-7tQ0BmZqfVF6YYEWcIGuoR3OdYe8I/ZFbNclFlGOC3pMqunkYF/oL30NCjSGl9sMEb17AnzixDz98Kqc3N76HQ=="
        },
        "toggle-selection": {
            "version": "1.0.6",
            "resolved": "https://registry.npmjs.org/toggle-selection/-/toggle-selection-1.0.6.tgz",
            "integrity": "sha1-bkWxJj8gF/oKzH2J14sVuL932jI="
        }
    }
}
